
Microsoft Visual Studio Solution File, Format Version 12.00
# Visual Studio Version 16
VisualStudioVersion = 16.0.30611.23
MinimumVisualStudioVersion = 10.0.40219.1
Project("{FAE04EC0-301F-11D3-BF4B-00C04F79EFBC}") = "SDKLauncher", "ChaosInitiative.SDKLauncher/ChaosInitiative.SDKLauncher.csproj", "{7F49C9B9-B1ED-4F79-81D9-6ABABA7D636A}"
EndProject
Global
	GlobalSection(SolutionConfigurationPlatforms) = preSolution
		Debug|Any CPU = Debug|Any CPU
		Release|Any CPU = Release|Any CPU
	EndGlobalSection
	GlobalSection(ProjectConfigurationPlatforms) = postSolution
		{7F49C9B9-B1ED-4F79-81D9-6ABABA7D636A}.Debug|Any CPU.ActiveCfg = Debug|Any CPU
		{7F49C9B9-B1ED-4F79-81D9-6ABABA7D636A}.Debug|Any CPU.Build.0 = Debug|Any CPU
		{7F49C9B9-B1ED-4F79-81D9-6ABABA7D636A}.Release|Any CPU.ActiveCfg = Release|Any CPU
		{7F49C9B9-B1ED-4F79-81D9-6ABABA7D636A}.Release|Any CPU.Build.0 = Release|Any CPU
	EndGlobalSection
	GlobalSection(SolutionProperties) = preSolution
		HideSolutionNode = FALSE
	EndGlobalSection
	GlobalSection(ExtensibilityGlobals) = postSolution
		SolutionGuid = {D9A0FF23-98FC-4F89-BACB-67B7995FA9F8}
	EndGlobalSection
EndGlobal
